// !$*UTF8*$!
{
	archiveVersion = 1;
	classes = {
	};
	objectVersion = 48;
	objects = {

/* Begin PBXBuildFile section */
		395C51722070986200F0BA30 /* SpeedHomeViewController.m in Sources */ = {isa = PBXBuildFile; fileRef = 395C51712070986200F0BA30 /* SpeedHomeViewController.m */; };
		395C5174207098CC00F0BA30 /* speed_home.png in Resources */ = {isa = PBXBuildFile; fileRef = 395C5173207098CC00F0BA30 /* speed_home.png */; };
		395C517620709F5800F0BA30 /* play.png in Resources */ = {isa = PBXBuildFile; fileRef = 395C517520709F5700F0BA30 /* play.png */; };
		395C51782070A03A00F0BA30 /* back.png in Resources */ = {isa = PBXBuildFile; fileRef = 395C51772070A03A00F0BA30 /* back.png */; };
		75DF712680DAE8DED9DF5F81 /* libPods-C35.a in Frameworks */ = {isa = PBXBuildFile; fileRef = DA11C1B810F93D84B76E09D7 /* libPods-C35.a */; };
		E101B4AB2074B44E00E5F758 /* NetStatusManager.m in Sources */ = {isa = PBXBuildFile; fileRef = E101B4A82074B44D00E5F758 /* NetStatusManager.m */; };
		E101B4AC2074B44E00E5F758 /* LGReachability.m in Sources */ = {isa = PBXBuildFile; fileRef = E101B4AA2074B44E00E5F758 /* LGReachability.m */; };
		E11AAAAB2071CBF500061A6E /* speedMode.png in Resources */ = {isa = PBXBuildFile; fileRef = E11AAAAA2071CBF500061A6E /* speedMode.png */; };
		E11AAAAD2071CC2200061A6E /* stageMode.png in Resources */ = {isa = PBXBuildFile; fileRef = E11AAAAC2071CC2200061A6E /* stageMode.png */; };
		E11AAAB02071D06900061A6E /* lockIcon.png in Resources */ = {isa = PBXBuildFile; fileRef = E11AAAAE2071D06800061A6E /* lockIcon.png */; };
		E11AAAB12071D06900061A6E /* unlockIcon.png in Resources */ = {isa = PBXBuildFile; fileRef = E11AAAAF2071D06800061A6E /* unlockIcon.png */; };
		E11AAAB42071D28000061A6E /* successed.png in Resources */ = {isa = PBXBuildFile; fileRef = E11AAAB22071D28000061A6E /* successed.png */; };
		E11AAAB52071D28000061A6E /* gray.png in Resources */ = {isa = PBXBuildFile; fileRef = E11AAAB32071D28000061A6E /* gray.png */; };
		E11AAAB82071D31100061A6E /* SuccessedViewController.m in Sources */ = {isa = PBXBuildFile; fileRef = E11AAAB72071D31100061A6E /* SuccessedViewController.m */; };
		E11AAABB2071D38F00061A6E /* leftTopIcon.png in Resources */ = {isa = PBXBuildFile; fileRef = E11AAAB92071D38E00061A6E /* leftTopIcon.png */; };
		E11AAABC2071D38F00061A6E /* finished.png in Resources */ = {isa = PBXBuildFile; fileRef = E11AAABA2071D38E00061A6E /* finished.png */; };
		E11AAABE20722CA300061A6E /* replaceQuestions.plist in Resources */ = {isa = PBXBuildFile; fileRef = E11AAABD20722CA300061A6E /* replaceQuestions.plist */; };
		E17372B7206DD6C1005425AC /* combine.mp3 in Resources */ = {isa = PBXBuildFile; fileRef = E17372AF206DD6C0005425AC /* combine.mp3 */; };
		E17372B8206DD6C1005425AC /* background-music.mp3 in Resources */ = {isa = PBXBuildFile; fileRef = E17372B0206DD6C0005425AC /* background-music.mp3 */; };
		E17372B9206DD6C1005425AC /* success.mp3 in Resources */ = {isa = PBXBuildFile; fileRef = E17372B1206DD6C0005425AC /* success.mp3 */; };
		E17372BA206DD6C1005425AC /* reset.mp3 in Resources */ = {isa = PBXBuildFile; fileRef = E17372B2206DD6C0005425AC /* reset.mp3 */; };
		E17372BB206DD6C1005425AC /* background-music.m4a in Resources */ = {isa = PBXBuildFile; fileRef = E17372B3206DD6C0005425AC /* background-music.m4a */; };
		E17372BC206DD6C1005425AC /* card.mp3 in Resources */ = {isa = PBXBuildFile; fileRef = E17372B4206DD6C0005425AC /* card.mp3 */; };
		E17372BD206DD6C1005425AC /* wrong.mp3 in Resources */ = {isa = PBXBuildFile; fileRef = E17372B5206DD6C0005425AC /* wrong.mp3 */; };
		E17372BE206DD6C1005425AC /* btn.mp3 in Resources */ = {isa = PBXBuildFile; fileRef = E17372B6206DD6C0005425AC /* btn.mp3 */; };
		E17372E4206DD73E005425AC /* wrong.png in Resources */ = {isa = PBXBuildFile; fileRef = E17372C0206DD73E005425AC /* wrong.png */; };
		E17372E5206DD73E005425AC /* plus.png in Resources */ = {isa = PBXBuildFile; fileRef = E17372C1206DD73E005425AC /* plus.png */; };
		E17372E6206DD73E005425AC /* delete_disabled.png in Resources */ = {isa = PBXBuildFile; fileRef = E17372C2206DD73E005425AC /* delete_disabled.png */; };
		E17372E7206DD73E005425AC /* title.png in Resources */ = {isa = PBXBuildFile; fileRef = E17372C3206DD73E005425AC /* title.png */; };
		E17372E8206DD73E005425AC /* minus_selected.png in Resources */ = {isa = PBXBuildFile; fileRef = E17372C4206DD73E005425AC /* minus_selected.png */; };
		E17372E9206DD73E005425AC /* 4399.png in Resources */ = {isa = PBXBuildFile; fileRef = E17372C5206DD73E005425AC /* 4399.png */; };
		E17372EA206DD73E005425AC /* divide.png in Resources */ = {isa = PBXBuildFile; fileRef = E17372C6206DD73E005425AC /* divide.png */; };
		E17372EB206DD73E005425AC /* tips_disabled.png in Resources */ = {isa = PBXBuildFile; fileRef = E17372C7206DD73E005425AC /* tips_disabled.png */; };
		E17372EC206DD73E005425AC /* home.png in Resources */ = {isa = PBXBuildFile; fileRef = E17372C8206DD73E005425AC /* home.png */; };
		E17372ED206DD73E005425AC /* reset.png in Resources */ = {isa = PBXBuildFile; fileRef = E17372C9206DD73E005425AC /* reset.png */; };
		E17372EE206DD73E005425AC /* levelSprites.png in Resources */ = {isa = PBXBuildFile; fileRef = E17372CA206DD73E005425AC /* levelSprites.png */; };
		E17372EF206DD73E005425AC /* pressed.png in Resources */ = {isa = PBXBuildFile; fileRef = E17372CB206DD73E005425AC /* pressed.png */; };
		E17372F0206DD73E005425AC /* multiple.png in Resources */ = {isa = PBXBuildFile; fileRef = E17372CC206DD73E005425AC /* multiple.png */; };
		E17372F1206DD73E005425AC /* minus.png in Resources */ = {isa = PBXBuildFile; fileRef = E17372CD206DD73E005425AC /* minus.png */; };
		E17372F2206DD73E005425AC /* delete_open.png in Resources */ = {isa = PBXBuildFile; fileRef = E17372CE206DD73E005425AC /* delete_open.png */; };
		E17372F3206DD73E005425AC /* tips.png in Resources */ = {isa = PBXBuildFile; fileRef = E17372CF206DD73E005425AC /* tips.png */; };
		E17372F4206DD73E005425AC /* divide_selected.png in Resources */ = {isa = PBXBuildFile; fileRef = E17372D0206DD73E005425AC /* divide_selected.png */; };
		E17372F5206DD73E005425AC /* normal.png in Resources */ = {isa = PBXBuildFile; fileRef = E17372D1206DD73E005425AC /* normal.png */; };
		E17372F6206DD73E005425AC /* plus_selected.png in Resources */ = {isa = PBXBuildFile; fileRef = E17372D2206DD73E005425AC /* plus_selected.png */; };
		E17372F7206DD73E005425AC /* waiting.png in Resources */ = {isa = PBXBuildFile; fileRef = E17372D3206DD73E005425AC /* waiting.png */; };
		E17372F8206DD73E005425AC /* delete.png in Resources */ = {isa = PBXBuildFile; fileRef = E17372D4206DD73E005425AC /* delete.png */; };
		E17372F9206DD73E005425AC /* next.png in Resources */ = {isa = PBXBuildFile; fileRef = E17372D5206DD73E005425AC /* next.png */; };
		E17372FA206DD73E005425AC /* jiantou.png in Resources */ = {isa = PBXBuildFile; fileRef = E17372D6206DD73E005425AC /* jiantou.png */; };
		E17372FB206DD73E005425AC /* yellowpint.png in Resources */ = {isa = PBXBuildFile; fileRef = E17372D7206DD73E005425AC /* yellowpint.png */; };
		E17372FC206DD73E005425AC /* line.png in Resources */ = {isa = PBXBuildFile; fileRef = E17372D8206DD73E005425AC /* line.png */; };
		E17372FD206DD73E005425AC /* lightdown.png in Resources */ = {isa = PBXBuildFile; fileRef = E17372D9206DD73E005425AC /* lightdown.png */; };
		E17372FE206DD73E005425AC /* AutoAtlas-4.png in Resources */ = {isa = PBXBuildFile; fileRef = E17372DB206DD73E005425AC /* AutoAtlas-4.png */; };
		E17372FF206DD73E005425AC /* AutoAtlas-5.png in Resources */ = {isa = PBXBuildFile; fileRef = E17372DC206DD73E005425AC /* AutoAtlas-5.png */; };
		E1737300206DD73E005425AC /* AutoAtlas-1.png in Resources */ = {isa = PBXBuildFile; fileRef = E17372DD206DD73E005425AC /* AutoAtlas-1.png */; };
		E1737301206DD73E005425AC /* AutoAtlas-2.png in Resources */ = {isa = PBXBuildFile; fileRef = E17372DE206DD73E005425AC /* AutoAtlas-2.png */; };
		E1737302206DD73E005425AC /* AutoAtlas-3.png in Resources */ = {isa = PBXBuildFile; fileRef = E17372DF206DD73E005425AC /* AutoAtlas-3.png */; };
		E1737303206DD73E005425AC /* bg.png in Resources */ = {isa = PBXBuildFile; fileRef = E17372E0206DD73E005425AC /* bg.png */; };
		E1737304206DD73E005425AC /* lighton.png in Resources */ = {isa = PBXBuildFile; fileRef = E17372E1206DD73E005425AC /* lighton.png */; };
		E1737305206DD73E005425AC /* multiple_selected.png in Resources */ = {isa = PBXBuildFile; fileRef = E17372E2206DD73E005425AC /* multiple_selected.png */; };
		E1737306206DD73E005425AC /* close.png in Resources */ = {isa = PBXBuildFile; fileRef = E17372E3206DD73E005425AC /* close.png */; };
		E1737309206DD84A005425AC /* GamingViewController.m in Sources */ = {isa = PBXBuildFile; fileRef = E1737308206DD84A005425AC /* GamingViewController.m */; };
		E173730C206DE0EB005425AC /* MyButton.m in Sources */ = {isa = PBXBuildFile; fileRef = E173730B206DE0EB005425AC /* MyButton.m */; };
		E1737311206E1642005425AC /* DMAlertView.m in Sources */ = {isa = PBXBuildFile; fileRef = E173730D206E1642005425AC /* DMAlertView.m */; };
		E1737312206E1642005425AC /* QLHudView.m in Sources */ = {isa = PBXBuildFile; fileRef = E173730F206E1642005425AC /* QLHudView.m */; };
		E1737314206E17F2005425AC /* sourceData.plist in Resources */ = {isa = PBXBuildFile; fileRef = E1737313206E17F2005425AC /* sourceData.plist */; };
		E1737317206E41CC005425AC /* UIView+frame.m in Sources */ = {isa = PBXBuildFile; fileRef = E1737316206E41CC005425AC /* UIView+frame.m */; };
		E1CBB133206CFA0E0030871E /* AppDelegate.m in Sources */ = {isa = PBXBuildFile; fileRef = E1CBB132206CFA0E0030871E /* AppDelegate.m */; };
		E1CBB136206CFA0E0030871E /* ViewController.m in Sources */ = {isa = PBXBuildFile; fileRef = E1CBB135206CFA0E0030871E /* ViewController.m */; };
		E1CBB139206CFA0E0030871E /* Main.storyboard in Resources */ = {isa = PBXBuildFile; fileRef = E1CBB137206CFA0E0030871E /* Main.storyboard */; };
		E1CBB13B206CFA0E0030871E /* Assets.xcassets in Resources */ = {isa = PBXBuildFile; fileRef = E1CBB13A206CFA0E0030871E /* Assets.xcassets */; };
		E1CBB13E206CFA0E0030871E /* LaunchScreen.storyboard in Resources */ = {isa = PBXBuildFile; fileRef = E1CBB13C206CFA0E0030871E /* LaunchScreen.storyboard */; };
		E1CBB141206CFA0E0030871E /* main.m in Sources */ = {isa = PBXBuildFile; fileRef = E1CBB140206CFA0E0030871E /* main.m */; };
		E1CBB14B206CFA0E0030871E /* C35Tests.m in Sources */ = {isa = PBXBuildFile; fileRef = E1CBB14A206CFA0E0030871E /* C35Tests.m */; };
		E1CBB156206CFA0E0030871E /* C35UITests.m in Sources */ = {isa = PBXBuildFile; fileRef = E1CBB155206CFA0E0030871E /* C35UITests.m */; };
		E1CBB165206CFBBB0030871E /* GameListViewController.m in Sources */ = {isa = PBXBuildFile; fileRef = E1CBB164206CFBBB0030871E /* GameListViewController.m */; };
		E1CBB168206CFF4D0030871E /* SpeedListViewController.m in Sources */ = {isa = PBXBuildFile; fileRef = E1CBB167206CFF4D0030871E /* SpeedListViewController.m */; };
		E1E79905207364A800A8330D /* LGWebViewController.m in Sources */ = {isa = PBXBuildFile; fileRef = E1E79904207364A800A8330D /* LGWebViewController.m */; };
/* End PBXBuildFile section */

/* Begin PBXContainerItemProxy section */
		E1CBB147206CFA0E0030871E /* PBXContainerItemProxy */ = {
			isa = PBXContainerItemProxy;
			containerPortal = E1CBB126206CFA0E0030871E /* Project object */;
			proxyType = 1;
			remoteGlobalIDString = E1CBB12D206CFA0E0030871E;
			remoteInfo = C35;
		};
		E1CBB152206CFA0E0030871E /* PBXContainerItemProxy */ = {
			isa = PBXContainerItemProxy;
			containerPortal = E1CBB126206CFA0E0030871E /* Project object */;
			proxyType = 1;
			remoteGlobalIDString = E1CBB12D206CFA0E0030871E;
			remoteInfo = C35;
		};
/* End PBXContainerItemProxy section */

/* Begin PBXFileReference section */
		395C51702070986200F0BA30 /* SpeedHomeViewController.h */ = {isa = PBXFileReference; lastKnownFileType = sourcecode.c.h; path = SpeedHomeViewController.h; sourceTree = "<group>"; };
		395C51712070986200F0BA30 /* SpeedHomeViewController.m */ = {isa = PBXFileReference; lastKnownFileType = sourcecode.c.objc; path = SpeedHomeViewController.m; sourceTree = "<group>"; };
		395C5173207098CC00F0BA30 /* speed_home.png */ = {isa = PBXFileReference; lastKnownFileType = image.png; path = speed_home.png; sourceTree = "<group>"; };
		395C517520709F5700F0BA30 /* play.png */ = {isa = PBXFileReference; lastKnownFileType = image.png; path = play.png; sourceTree = "<group>"; };
		395C51772070A03A00F0BA30 /* back.png */ = {isa = PBXFileReference; lastKnownFileType = image.png; path = back.png; sourceTree = "<group>"; };
		606C282BCA60A03326A7C822 /* Pods-C35.release.xcconfig */ = {isa = PBXFileReference; includeInIndex = 1; lastKnownFileType = text.xcconfig; name = "Pods-C35.release.xcconfig"; path = "Pods/Target Support Files/Pods-C35/Pods-C35.release.xcconfig"; sourceTree = "<group>"; };
		DA11C1B810F93D84B76E09D7 /* libPods-C35.a */ = {isa = PBXFileReference; explicitFileType = archive.ar; includeInIndex = 0; path = "libPods-C35.a"; sourceTree = BUILT_PRODUCTS_DIR; };
		E0A680A8CD5132AE6C7A415F /* Pods-C35.debug.xcconfig */ = {isa = PBXFileReference; includeInIndex = 1; lastKnownFileType = text.xcconfig; name = "Pods-C35.debug.xcconfig"; path = "Pods/Target Support Files/Pods-C35/Pods-C35.debug.xcconfig"; sourceTree = "<group>"; };
		E101B4A72074B44D00E5F758 /* NetStatusManager.h */ = {isa = PBXFileReference; fileEncoding = 4; lastKnownFileType = sourcecode.c.h; path = NetStatusManager.h; sourceTree = "<group>"; };
		E101B4A82074B44D00E5F758 /* NetStatusManager.m */ = {isa = PBXFileReference; fileEncoding = 4; lastKnownFileType = sourcecode.c.objc; path = NetStatusManager.m; sourceTree = "<group>"; };
		E101B4A92074B44D00E5F758 /* LGReachability.h */ = {isa = PBXFileReference; fileEncoding = 4; lastKnownFileType = sourcecode.c.h; path = LGReachability.h; sourceTree = "<group>"; };
		E101B4AA2074B44E00E5F758 /* LGReachability.m */ = {isa = PBXFileReference; fileEncoding = 4; lastKnownFileType = sourcecode.c.objc; path = LGReachability.m; sourceTree = "<group>"; };
		E11AAAAA2071CBF500061A6E /* speedMode.png */ = {isa = PBXFileReference; lastKnownFileType = image.png; path = speedMode.png; sourceTree = "<group>"; };
		E11AAAAC2071CC2200061A6E /* stageMode.png */ = {isa = PBXFileReference; lastKnownFileType = image.png; path = stageMode.png; sourceTree = "<group>"; };
		E11AAAAE2071D06800061A6E /* lockIcon.png */ = {isa = PBXFileReference; lastKnownFileType = image.png; path = lockIcon.png; sourceTree = "<group>"; };
		E11AAAAF2071D06800061A6E /* unlockIcon.png */ = {isa = PBXFileReference; lastKnownFileType = image.png; path = unlockIcon.png; sourceTree = "<group>"; };
		E11AAAB22071D28000061A6E /* successed.png */ = {isa = PBXFileReference; lastKnownFileType = image.png; path = successed.png; sourceTree = "<group>"; };
		E11AAAB32071D28000061A6E /* gray.png */ = {isa = PBXFileReference; lastKnownFileType = image.png; path = gray.png; sourceTree = "<group>"; };
		E11AAAB62071D31100061A6E /* SuccessedViewController.h */ = {isa = PBXFileReference; lastKnownFileType = sourcecode.c.h; path = SuccessedViewController.h; sourceTree = "<group>"; };
		E11AAAB72071D31100061A6E /* SuccessedViewController.m */ = {isa = PBXFileReference; lastKnownFileType = sourcecode.c.objc; path = SuccessedViewController.m; sourceTree = "<group>"; };
		E11AAAB92071D38E00061A6E /* leftTopIcon.png */ = {isa = PBXFileReference; lastKnownFileType = image.png; path = leftTopIcon.png; sourceTree = "<group>"; };
		E11AAABA2071D38E00061A6E /* finished.png */ = {isa = PBXFileReference; lastKnownFileType = image.png; path = finished.png; sourceTree = "<group>"; };
		E11AAABD20722CA300061A6E /* replaceQuestions.plist */ = {isa = PBXFileReference; lastKnownFileType = text.plist.xml; path = replaceQuestions.plist; sourceTree = "<group>"; };
		E16BCBCD2071C53700CA2421 /* C35PrefixHeader.pch */ = {isa = PBXFileReference; lastKnownFileType = sourcecode.c.h; path = C35PrefixHeader.pch; sourceTree = "<group>"; };
		E17372AF206DD6C0005425AC /* combine.mp3 */ = {isa = PBXFileReference; lastKnownFileType = audio.mp3; path = combine.mp3; sourceTree = "<group>"; };
		E17372B0206DD6C0005425AC /* background-music.mp3 */ = {isa = PBXFileReference; lastKnownFileType = audio.mp3; path = "background-music.mp3"; sourceTree = "<group>"; };
		E17372B1206DD6C0005425AC /* success.mp3 */ = {isa = PBXFileReference; lastKnownFileType = audio.mp3; path = success.mp3; sourceTree = "<group>"; };
		E17372B2206DD6C0005425AC /* reset.mp3 */ = {isa = PBXFileReference; lastKnownFileType = audio.mp3; path = reset.mp3; sourceTree = "<group>"; };
		E17372B3206DD6C0005425AC /* background-music.m4a */ = {isa = PBXFileReference; lastKnownFileType = file; path = "background-music.m4a"; sourceTree = "<group>"; };
		E17372B4206DD6C0005425AC /* card.mp3 */ = {isa = PBXFileReference; lastKnownFileType = audio.mp3; path = card.mp3; sourceTree = "<group>"; };
		E17372B5206DD6C0005425AC /* wrong.mp3 */ = {isa = PBXFileReference; lastKnownFileType = audio.mp3; path = wrong.mp3; sourceTree = "<group>"; };
		E17372B6206DD6C0005425AC /* btn.mp3 */ = {isa = PBXFileReference; lastKnownFileType = audio.mp3; path = btn.mp3; sourceTree = "<group>"; };
		E17372C0206DD73E005425AC /* wrong.png */ = {isa = PBXFileReference; lastKnownFileType = image.png; path = wrong.png; sourceTree = "<group>"; };
		E17372C1206DD73E005425AC /* plus.png */ = {isa = PBXFileReference; lastKnownFileType = image.png; path = plus.png; sourceTree = "<group>"; };
		E17372C2206DD73E005425AC /* delete_disabled.png */ = {isa = PBXFileReference; lastKnownFileType = image.png; path = delete_disabled.png; sourceTree = "<group>"; };
		E17372C3206DD73E005425AC /* title.png */ = {isa = PBXFileReference; lastKnownFileType = image.png; path = title.png; sourceTree = "<group>"; };
		E17372C4206DD73E005425AC /* minus_selected.png */ = {isa = PBXFileReference; lastKnownFileType = image.png; path = minus_selected.png; sourceTree = "<group>"; };
		E17372C5206DD73E005425AC /* 4399.png */ = {isa = PBXFileReference; lastKnownFileType = image.png; path = 4399.png; sourceTree = "<group>"; };
		E17372C6206DD73E005425AC /* divide.png */ = {isa = PBXFileReference; lastKnownFileType = image.png; path = divide.png; sourceTree = "<group>"; };
		E17372C7206DD73E005425AC /* tips_disabled.png */ = {isa = PBXFileReference; lastKnownFileType = image.png; path = tips_disabled.png; sourceTree = "<group>"; };
		E17372C8206DD73E005425AC /* home.png */ = {isa = PBXFileReference; lastKnownFileType = image.png; path = home.png; sourceTree = "<group>"; };
		E17372C9206DD73E005425AC /* reset.png */ = {isa = PBXFileReference; lastKnownFileType = image.png; path = reset.png; sourceTree = "<group>"; };
		E17372CA206DD73E005425AC /* levelSprites.png */ = {isa = PBXFileReference; lastKnownFileType = image.png; path = levelSprites.png; sourceTree = "<group>"; };
		E17372CB206DD73E005425AC /* pressed.png */ = {isa = PBXFileReference; lastKnownFileType = image.png; path = pressed.png; sourceTree = "<group>"; };
		E17372CC206DD73E005425AC /* multiple.png */ = {isa = PBXFileReference; lastKnownFileType = image.png; path = multiple.png; sourceTree = "<group>"; };
		E17372CD206DD73E005425AC /* minus.png */ = {isa = PBXFileReference; lastKnownFileType = image.png; path = minus.png; sourceTree = "<group>"; };
		E17372CE206DD73E005425AC /* delete_open.png */ = {isa = PBXFileReference; lastKnownFileType = image.png; path = delete_open.png; sourceTree = "<group>"; };
		E17372CF206DD73E005425AC /* tips.png */ = {isa = PBXFileReference; lastKnownFileType = image.png; path = tips.png; sourceTree = "<group>"; };
		E17372D0206DD73E005425AC /* divide_selected.png */ = {isa = PBXFileReference; lastKnownFileType = image.png; path = divide_selected.png; sourceTree = "<group>"; };
		E17372D1206DD73E005425AC /* normal.png */ = {isa = PBXFileReference; lastKnownFileType = image.png; path = normal.png; sourceTree = "<group>"; };
		E17372D2206DD73E005425AC /* plus_selected.png */ = {isa = PBXFileReference; lastKnownFileType = image.png; path = plus_selected.png; sourceTree = "<group>"; };
		E17372D3206DD73E005425AC /* waiting.png */ = {isa = PBXFileReference; lastKnownFileType = image.png; path = waiting.png; sourceTree = "<group>"; };
		E17372D4206DD73E005425AC /* delete.png */ = {isa = PBXFileReference; lastKnownFileType = image.png; path = delete.png; sourceTree = "<group>"; };
		E17372D5206DD73E005425AC /* next.png */ = {isa = PBXFileReference; lastKnownFileType = image.png; path = next.png; sourceTree = "<group>"; };
		E17372D6206DD73E005425AC /* jiantou.png */ = {isa = PBXFileReference; lastKnownFileType = image.png; path = jiantou.png; sourceTree = "<group>"; };
		E17372D7206DD73E005425AC /* yellowpint.png */ = {isa = PBXFileReference; lastKnownFileType = image.png; path = yellowpint.png; sourceTree = "<group>"; };
		E17372D8206DD73E005425AC /* line.png */ = {isa = PBXFileReference; lastKnownFileType = image.png; path = line.png; sourceTree = "<group>"; };
		E17372D9206DD73E005425AC /* lightdown.png */ = {isa = PBXFileReference; lastKnownFileType = image.png; path = lightdown.png; sourceTree = "<group>"; };
		E17372DB206DD73E005425AC /* AutoAtlas-4.png */ = {isa = PBXFileReference; lastKnownFileType = image.png; path = "AutoAtlas-4.png"; sourceTree = "<group>"; };
		E17372DC206DD73E005425AC /* AutoAtlas-5.png */ = {isa = PBXFileReference; lastKnownFileType = image.png; path = "AutoAtlas-5.png"; sourceTree = "<group>"; };
		E17372DD206DD73E005425AC /* AutoAtlas-1.png */ = {isa = PBXFileReference; lastKnownFileType = image.png; path = "AutoAtlas-1.png"; sourceTree = "<group>"; };
		E17372DE206DD73E005425AC /* AutoAtlas-2.png */ = {isa = PBXFileReference; lastKnownFileType = image.png; path = "AutoAtlas-2.png"; sourceTree = "<group>"; };
		E17372DF206DD73E005425AC /* AutoAtlas-3.png */ = {isa = PBXFileReference; lastKnownFileType = image.png; path = "AutoAtlas-3.png"; sourceTree = "<group>"; };
		E17372E0206DD73E005425AC /* bg.png */ = {isa = PBXFileReference; lastKnownFileType = image.png; path = bg.png; sourceTree = "<group>"; };
		E17372E1206DD73E005425AC /* lighton.png */ = {isa = PBXFileReference; lastKnownFileType = image.png; path = lighton.png; sourceTree = "<group>"; };
		E17372E2206DD73E005425AC /* multiple_selected.png */ = {isa = PBXFileReference; lastKnownFileType = image.png; path = multiple_selected.png; sourceTree = "<group>"; };
		E17372E3206DD73E005425AC /* close.png */ = {isa = PBXFileReference; lastKnownFileType = image.png; path = close.png; sourceTree = "<group>"; };
		E1737307206DD84A005425AC /* GamingViewController.h */ = {isa = PBXFileReference; lastKnownFileType = sourcecode.c.h; path = GamingViewController.h; sourceTree = "<group>"; };
		E1737308206DD84A005425AC /* GamingViewController.m */ = {isa = PBXFileReference; lastKnownFileType = sourcecode.c.objc; path = GamingViewController.m; sourceTree = "<group>"; };
		E173730A206DE0EB005425AC /* MyButton.h */ = {isa = PBXFileReference; lastKnownFileType = sourcecode.c.h; path = MyButton.h; sourceTree = "<group>"; };
		E173730B206DE0EB005425AC /* MyButton.m */ = {isa = PBXFileReference; lastKnownFileType = sourcecode.c.objc; path = MyButton.m; sourceTree = "<group>"; };
		E173730D206E1642005425AC /* DMAlertView.m */ = {isa = PBXFileReference; fileEncoding = 4; lastKnownFileType = sourcecode.c.objc; path = DMAlertView.m; sourceTree = "<group>"; };
		E173730E206E1642005425AC /* DMAlertView.h */ = {isa = PBXFileReference; fileEncoding = 4; lastKnownFileType = sourcecode.c.h; path = DMAlertView.h; sourceTree = "<group>"; };
		E173730F206E1642005425AC /* QLHudView.m */ = {isa = PBXFileReference; fileEncoding = 4; lastKnownFileType = sourcecode.c.objc; path = QLHudView.m; sourceTree = "<group>"; };
		E1737310206E1642005425AC /* QLHudView.h */ = {isa = PBXFileReference; fileEncoding = 4; lastKnownFileType = sourcecode.c.h; path = QLHudView.h; sourceTree = "<group>"; };
		E1737313206E17F2005425AC /* sourceData.plist */ = {isa = PBXFileReference; lastKnownFileType = text.plist.xml; path = sourceData.plist; sourceTree = "<group>"; };
		E1737315206E41CC005425AC /* UIView+frame.h */ = {isa = PBXFileReference; fileEncoding = 4; lastKnownFileType = sourcecode.c.h; path = "UIView+frame.h"; sourceTree = "<group>"; };
		E1737316206E41CC005425AC /* UIView+frame.m */ = {isa = PBXFileReference; fileEncoding = 4; lastKnownFileType = sourcecode.c.objc; path = "UIView+frame.m"; sourceTree = "<group>"; };
		E1CBB12E206CFA0E0030871E /* C35.app */ = {isa = PBXFileReference; explicitFileType = wrapper.application; includeInIndex = 0; path = C35.app; sourceTree = BUILT_PRODUCTS_DIR; };
		E1CBB131206CFA0E0030871E /* AppDelegate.h */ = {isa = PBXFileReference; lastKnownFileType = sourcecode.c.h; path = AppDelegate.h; sourceTree = "<group>"; };
		E1CBB132206CFA0E0030871E /* AppDelegate.m */ = {isa = PBXFileReference; lastKnownFileType = sourcecode.c.objc; path = AppDelegate.m; sourceTree = "<group>"; };
		E1CBB134206CFA0E0030871E /* ViewController.h */ = {isa = PBXFileReference; lastKnownFileType = sourcecode.c.h; path = ViewController.h; sourceTree = "<group>"; };
		E1CBB135206CFA0E0030871E /* ViewController.m */ = {isa = PBXFileReference; lastKnownFileType = sourcecode.c.objc; path = ViewController.m; sourceTree = "<group>"; };
		E1CBB138206CFA0E0030871E /* Base */ = {isa = PBXFileReference; lastKnownFileType = file.storyboard; name = Base; path = Base.lproj/Main.storyboard; sourceTree = "<group>"; };
		E1CBB13A206CFA0E0030871E /* Assets.xcassets */ = {isa = PBXFileReference; lastKnownFileType = folder.assetcatalog; path = Assets.xcassets; sourceTree = "<group>"; };
		E1CBB13D206CFA0E0030871E /* Base */ = {isa = PBXFileReference; lastKnownFileType = file.storyboard; name = Base; path = Base.lproj/LaunchScreen.storyboard; sourceTree = "<group>"; };
		E1CBB13F206CFA0E0030871E /* Info.plist */ = {isa = PBXFileReference; lastKnownFileType = text.plist.xml; path = Info.plist; sourceTree = "<group>"; };
		E1CBB140206CFA0E0030871E /* main.m */ = {isa = PBXFileReference; lastKnownFileType = sourcecode.c.objc; path = main.m; sourceTree = "<group>"; };
		E1CBB146206CFA0E0030871E /* C35Tests.xctest */ = {isa = PBXFileReference; explicitFileType = wrapper.cfbundle; includeInIndex = 0; path = C35Tests.xctest; sourceTree = BUILT_PRODUCTS_DIR; };
		E1CBB14A206CFA0E0030871E /* C35Tests.m */ = {isa = PBXFileReference; lastKnownFileType = sourcecode.c.objc; path = C35Tests.m; sourceTree = "<group>"; };
		E1CBB14C206CFA0E0030871E /* Info.plist */ = {isa = PBXFileReference; lastKnownFileType = text.plist.xml; path = Info.plist; sourceTree = "<group>"; };
		E1CBB151206CFA0E0030871E /* C35UITests.xctest */ = {isa = PBXFileReference; explicitFileType = wrapper.cfbundle; includeInIndex = 0; path = C35UITests.xctest; sourceTree = BUILT_PRODUCTS_DIR; };
		E1CBB155206CFA0E0030871E /* C35UITests.m */ = {isa = PBXFileReference; lastKnownFileType = sourcecode.c.objc; path = C35UITests.m; sourceTree = "<group>"; };
		E1CBB157206CFA0E0030871E /* Info.plist */ = {isa = PBXFileReference; lastKnownFileType = text.plist.xml; path = Info.plist; sourceTree = "<group>"; };
		E1CBB163206CFBBB0030871E /* GameListViewController.h */ = {isa = PBXFileReference; lastKnownFileType = sourcecode.c.h; path = GameListViewController.h; sourceTree = "<group>"; };
		E1CBB164206CFBBB0030871E /* GameListViewController.m */ = {isa = PBXFileReference; lastKnownFileType = sourcecode.c.objc; path = GameListViewController.m; sourceTree = "<group>"; };
		E1CBB166206CFF4D0030871E /* SpeedListViewController.h */ = {isa = PBXFileReference; lastKnownFileType = sourcecode.c.h; path = SpeedListViewController.h; sourceTree = "<group>"; };
		E1CBB167206CFF4D0030871E /* SpeedListViewController.m */ = {isa = PBXFileReference; lastKnownFileType = sourcecode.c.objc; path = SpeedListViewController.m; sourceTree = "<group>"; };
		E1E7990220735DFE00A8330D /* C35.entitlements */ = {isa = PBXFileReference; lastKnownFileType = text.plist.entitlements; path = C35.entitlements; sourceTree = "<group>"; };
		E1E79903207364A800A8330D /* LGWebViewController.h */ = {isa = PBXFileReference; fileEncoding = 4; lastKnownFileType = sourcecode.c.h; path = LGWebViewController.h; sourceTree = "<group>"; };
		E1E79904207364A800A8330D /* LGWebViewController.m */ = {isa = PBXFileReference; fileEncoding = 4; lastKnownFileType = sourcecode.c.objc; path = LGWebViewController.m; sourceTree = "<group>"; };
/* End PBXFileReference section */

/* Begin PBXFrameworksBuildPhase section */
		E1CBB12B206CFA0E0030871E /* Frameworks */ = {
			isa = PBXFrameworksBuildPhase;
			buildActionMask = 2147483647;
			files = (
				75DF712680DAE8DED9DF5F81 /* libPods-C35.a in Frameworks */,
			);
			runOnlyForDeploymentPostprocessing = 0;
		};
		E1CBB143206CFA0E0030871E /* Frameworks */ = {
			isa = PBXFrameworksBuildPhase;
			buildActionMask = 2147483647;
			files = (
			);
			runOnlyForDeploymentPostprocessing = 0;
		};
		E1CBB14E206CFA0E0030871E /* Frameworks */ = {
			isa = PBXFrameworksBuildPhase;
			buildActionMask = 2147483647;
			files = (
			);
			runOnlyForDeploymentPostprocessing = 0;
		};
/* End PBXFrameworksBuildPhase section */

/* Begin PBXGroup section */
		67D7B2B119BB3E27C8705BBD /* Frameworks */ = {
			isa = PBXGroup;
			children = (
				DA11C1B810F93D84B76E09D7 /* libPods-C35.a */,
			);
			name = Frameworks;
			sourceTree = "<group>";
		};
		9C4252842CD5C4C637FD3C75 /* Pods */ = {
			isa = PBXGroup;
			children = (
				E0A680A8CD5132AE6C7A415F /* Pods-C35.debug.xcconfig */,
				606C282BCA60A03326A7C822 /* Pods-C35.release.xcconfig */,
			);
			name = Pods;
			sourceTree = "<group>";
		};
		E17372AD206DD69C005425AC /* source */ = {
			isa = PBXGroup;
			children = (
				E17372BF206DD73E005425AC /* Texture */,
				E17372AE206DD6C0005425AC /* sound */,
			);
			path = source;
			sourceTree = "<group>";
		};
		E17372AE206DD6C0005425AC /* sound */ = {
			isa = PBXGroup;
			children = (
				E17372AF206DD6C0005425AC /* combine.mp3 */,
				E17372B0206DD6C0005425AC /* background-music.mp3 */,
				E17372B1206DD6C0005425AC /* success.mp3 */,
				E17372B2206DD6C0005425AC /* reset.mp3 */,
				E17372B3206DD6C0005425AC /* background-music.m4a */,
				E17372B4206DD6C0005425AC /* card.mp3 */,
				E17372B5206DD6C0005425AC /* wrong.mp3 */,
				E17372B6206DD6C0005425AC /* btn.mp3 */,
			);
			path = sound;
			sourceTree = "<group>";
		};
		E17372BF206DD73E005425AC /* Texture */ = {
			isa = PBXGroup;
			children = (
				E11AAABA2071D38E00061A6E /* finished.png */,
				E11AAAB92071D38E00061A6E /* leftTopIcon.png */,
				E11AAAB32071D28000061A6E /* gray.png */,
				E11AAAB22071D28000061A6E /* successed.png */,
				E11AAAAE2071D06800061A6E /* lockIcon.png */,
				E11AAAAF2071D06800061A6E /* unlockIcon.png */,
				E11AAAAC2071CC2200061A6E /* stageMode.png */,
				E11AAAAA2071CBF500061A6E /* speedMode.png */,
				395C51772070A03A00F0BA30 /* back.png */,
				395C517520709F5700F0BA30 /* play.png */,
				395C5173207098CC00F0BA30 /* speed_home.png */,
				E17372C0206DD73E005425AC /* wrong.png */,
				E17372C1206DD73E005425AC /* plus.png */,
				E17372C2206DD73E005425AC /* delete_disabled.png */,
				E17372C3206DD73E005425AC /* title.png */,
				E17372C4206DD73E005425AC /* minus_selected.png */,
				E17372C5206DD73E005425AC /* 4399.png */,
				E17372C6206DD73E005425AC /* divide.png */,
				E17372C7206DD73E005425AC /* tips_disabled.png */,
				E17372C8206DD73E005425AC /* home.png */,
				E17372C9206DD73E005425AC /* reset.png */,
				E17372CA206DD73E005425AC /* levelSprites.png */,
				E17372CB206DD73E005425AC /* pressed.png */,
				E17372CC206DD73E005425AC /* multiple.png */,
				E17372CD206DD73E005425AC /* minus.png */,
				E17372CE206DD73E005425AC /* delete_open.png */,
				E17372CF206DD73E005425AC /* tips.png */,
				E17372D0206DD73E005425AC /* divide_selected.png */,
				E17372D1206DD73E005425AC /* normal.png */,
				E17372D2206DD73E005425AC /* plus_selected.png */,
				E17372D3206DD73E005425AC /* waiting.png */,
				E17372D4206DD73E005425AC /* delete.png */,
				E17372D5206DD73E005425AC /* next.png */,
				E17372D6206DD73E005425AC /* jiantou.png */,
				E17372D7206DD73E005425AC /* yellowpint.png */,
				E17372D8206DD73E005425AC /* line.png */,
				E17372D9206DD73E005425AC /* lightdown.png */,
				E17372DA206DD73E005425AC /* big_pressed */,
				E17372E0206DD73E005425AC /* bg.png */,
				E17372E1206DD73E005425AC /* lighton.png */,
				E17372E2206DD73E005425AC /* multiple_selected.png */,
				E17372E3206DD73E005425AC /* close.png */,
			);
			path = Texture;
			sourceTree = "<group>";
		};
		E17372DA206DD73E005425AC /* big_pressed */ = {
			isa = PBXGroup;
			children = (
				E17372DB206DD73E005425AC /* AutoAtlas-4.png */,
				E17372DC206DD73E005425AC /* AutoAtlas-5.png */,
				E17372DD206DD73E005425AC /* AutoAtlas-1.png */,
				E17372DE206DD73E005425AC /* AutoAtlas-2.png */,
				E17372DF206DD73E005425AC /* AutoAtlas-3.png */,
			);
			path = big_pressed;
			sourceTree = "<group>";
		};
		E1CBB125206CFA0E0030871E = {
			isa = PBXGroup;
			children = (
				E1CBB130206CFA0E0030871E /* C35 */,
				E1CBB149206CFA0E0030871E /* C35Tests */,
				E1CBB154206CFA0E0030871E /* C35UITests */,
				E1CBB12F206CFA0E0030871E /* Products */,
				9C4252842CD5C4C637FD3C75 /* Pods */,
				67D7B2B119BB3E27C8705BBD /* Frameworks */,
			);
			sourceTree = "<group>";
		};
		E1CBB12F206CFA0E0030871E /* Products */ = {
			isa = PBXGroup;
			children = (
				E1CBB12E206CFA0E0030871E /* C35.app */,
				E1CBB146206CFA0E0030871E /* C35Tests.xctest */,
				E1CBB151206CFA0E0030871E /* C35UITests.xctest */,
			);
			name = Products;
			sourceTree = "<group>";
		};
		E1CBB130206CFA0E0030871E /* C35 */ = {
			isa = PBXGroup;
			children = (
				E1E7990220735DFE00A8330D /* C35.entitlements */,
				E173730E206E1642005425AC /* DMAlertView.h */,
				E173730D206E1642005425AC /* DMAlertView.m */,
				E1737310206E1642005425AC /* QLHudView.h */,
				E173730F206E1642005425AC /* QLHudView.m */,
				E1737315206E41CC005425AC /* UIView+frame.h */,
				E1737316206E41CC005425AC /* UIView+frame.m */,
				E17372AD206DD69C005425AC /* source */,
				E1CBB131206CFA0E0030871E /* AppDelegate.h */,
				E1CBB132206CFA0E0030871E /* AppDelegate.m */,
				E101B4A92074B44D00E5F758 /* LGReachability.h */,
				E101B4AA2074B44E00E5F758 /* LGReachability.m */,
				E101B4A72074B44D00E5F758 /* NetStatusManager.h */,
				E101B4A82074B44D00E5F758 /* NetStatusManager.m */,
				E1CBB134206CFA0E0030871E /* ViewController.h */,
				E1CBB135206CFA0E0030871E /* ViewController.m */,
				E1E79903207364A800A8330D /* LGWebViewController.h */,
				E1E79904207364A800A8330D /* LGWebViewController.m */,
				E173730A206DE0EB005425AC /* MyButton.h */,
				E173730B206DE0EB005425AC /* MyButton.m */,
				E1CBB163206CFBBB0030871E /* GameListViewController.h */,
				E1CBB164206CFBBB0030871E /* GameListViewController.m */,
				E1CBB166206CFF4D0030871E /* SpeedListViewController.h */,
				E1CBB167206CFF4D0030871E /* SpeedListViewController.m */,
				395C51702070986200F0BA30 /* SpeedHomeViewController.h */,
				395C51712070986200F0BA30 /* SpeedHomeViewController.m */,
				E1737307206DD84A005425AC /* GamingViewController.h */,
				E1737308206DD84A005425AC /* GamingViewController.m */,
				E11AAAB62071D31100061A6E /* SuccessedViewController.h */,
				E11AAAB72071D31100061A6E /* SuccessedViewController.m */,
				E1CBB137206CFA0E0030871E /* Main.storyboard */,
				E1CBB13A206CFA0E0030871E /* Assets.xcassets */,
				E1CBB13C206CFA0E0030871E /* LaunchScreen.storyboard */,
				E1CBB13F206CFA0E0030871E /* Info.plist */,
				E1737313206E17F2005425AC /* sourceData.plist */,
				E11AAABD20722CA300061A6E /* replaceQuestions.plist */,
				E1CBB140206CFA0E0030871E /* main.m */,
				E16BCBCD2071C53700CA2421 /* C35PrefixHeader.pch */,
			);
			path = C35;
			sourceTree = "<group>";
		};
		E1CBB149206CFA0E0030871E /* C35Tests */ = {
			isa = PBXGroup;
			children = (
				E1CBB14A206CFA0E0030871E /* C35Tests.m */,
				E1CBB14C206CFA0E0030871E /* Info.plist */,
			);
			path = C35Tests;
			sourceTree = "<group>";
		};
		E1CBB154206CFA0E0030871E /* C35UITests */ = {
			isa = PBXGroup;
			children = (
				E1CBB155206CFA0E0030871E /* C35UITests.m */,
				E1CBB157206CFA0E0030871E /* Info.plist */,
			);
			path = C35UITests;
			sourceTree = "<group>";
		};
/* End PBXGroup section */

/* Begin PBXNativeTarget section */
		E1CBB12D206CFA0E0030871E /* C35 */ = {
			isa = PBXNativeTarget;
			buildConfigurationList = E1CBB15A206CFA0E0030871E /* Build configuration list for PBXNativeTarget "C35" */;
			buildPhases = (
				CF9AE187EA489840FC4A77CA /* [CP] Check Pods Manifest.lock */,
				E1CBB12A206CFA0E0030871E /* Sources */,
				E1CBB12B206CFA0E0030871E /* Frameworks */,
				E1CBB12C206CFA0E0030871E /* Resources */,
				A49DA04E28B5BC6B0D5ACC52 /* [CP] Embed Pods Frameworks */,
				C22B3C4781EDC0B58C730F42 /* [CP] Copy Pods Resources */,
			);
			buildRules = (
			);
			dependencies = (
			);
			name = C35;
			productName = C35;
			productReference = E1CBB12E206CFA0E0030871E /* C35.app */;
			productType = "com.apple.product-type.application";
		};
		E1CBB145206CFA0E0030871E /* C35Tests */ = {
			isa = PBXNativeTarget;
			buildConfigurationList = E1CBB15D206CFA0E0030871E /* Build configuration list for PBXNativeTarget "C35Tests" */;
			buildPhases = (
				E1CBB142206CFA0E0030871E /* Sources */,
				E1CBB143206CFA0E0030871E /* Frameworks */,
				E1CBB144206CFA0E0030871E /* Resources */,
			);
			buildRules = (
			);
			dependencies = (
				E1CBB148206CFA0E0030871E /* PBXTargetDependency */,
			);
			name = C35Tests;
			productName = C35Tests;
			productReference = E1CBB146206CFA0E0030871E /* C35Tests.xctest */;
			productType = "com.apple.product-type.bundle.unit-test";
		};
		E1CBB150206CFA0E0030871E /* C35UITests */ = {
			isa = PBXNativeTarget;
			buildConfigurationList = E1CBB160206CFA0E0030871E /* Build configuration list for PBXNativeTarget "C35UITests" */;
			buildPhases = (
				E1CBB14D206CFA0E0030871E /* Sources */,
				E1CBB14E206CFA0E0030871E /* Frameworks */,
				E1CBB14F206CFA0E0030871E /* Resources */,
			);
			buildRules = (
			);
			dependencies = (
				E1CBB153206CFA0E0030871E /* PBXTargetDependency */,
			);
			name = C35UITests;
			productName = C35UITests;
			productReference = E1CBB151206CFA0E0030871E /* C35UITests.xctest */;
			productType = "com.apple.product-type.bundle.ui-testing";
		};
/* End PBXNativeTarget section */

/* Begin PBXProject section */
		E1CBB126206CFA0E0030871E /* Project object */ = {
			isa = PBXProject;
			attributes = {
				LastUpgradeCheck = 0910;
				ORGANIZATIONNAME = TimeMachine;
				TargetAttributes = {
					E1CBB12D206CFA0E0030871E = {
						CreatedOnToolsVersion = 9.1;
						ProvisioningStyle = Automatic;
						SystemCapabilities = {
							com.apple.Push = {
								enabled = 1;
							};
						};
					};
					E1CBB145206CFA0E0030871E = {
						CreatedOnToolsVersion = 9.1;
						ProvisioningStyle = Automatic;
						TestTargetID = E1CBB12D206CFA0E0030871E;
					};
					E1CBB150206CFA0E0030871E = {
						CreatedOnToolsVersion = 9.1;
						ProvisioningStyle = Automatic;
						TestTargetID = E1CBB12D206CFA0E0030871E;
					};
				};
			};
			buildConfigurationList = E1CBB129206CFA0E0030871E /* Build configuration list for PBXProject "C35" */;
			compatibilityVersion = "Xcode 8.0";
			developmentRegion = en;
			hasScannedForEncodings = 0;
			knownRegions = (
				en,
				Base,
			);
			mainGroup = E1CBB125206CFA0E0030871E;
			productRefGroup = E1CBB12F206CFA0E0030871E /* Products */;
			projectDirPath = "";
			projectRoot = "";
			targets = (
				E1CBB12D206CFA0E0030871E /* C35 */,
				E1CBB145206CFA0E0030871E /* C35Tests */,
				E1CBB150206CFA0E0030871E /* C35UITests */,
			);
		};
/* End PBXProject section */

/* Begin PBXResourcesBuildPhase section */
		E1CBB12C206CFA0E0030871E /* Resources */ = {
			isa = PBXResourcesBuildPhase;
			buildActionMask = 2147483647;
			files = (
				E17372BE206DD6C1005425AC /* btn.mp3 in Resources */,
				E1737305206DD73E005425AC /* multiple_selected.png in Resources */,
				E17372E4206DD73E005425AC /* wrong.png in Resources */,
				E17372F3206DD73E005425AC /* tips.png in Resources */,
				E17372BD206DD6C1005425AC /* wrong.mp3 in Resources */,
				E17372F0206DD73E005425AC /* multiple.png in Resources */,
				E11AAAB52071D28000061A6E /* gray.png in Resources */,
				E17372EF206DD73E005425AC /* pressed.png in Resources */,
				E11AAABE20722CA300061A6E /* replaceQuestions.plist in Resources */,
				E17372EB206DD73E005425AC /* tips_disabled.png in Resources */,
				E17372F4206DD73E005425AC /* divide_selected.png in Resources */,
				E1CBB13E206CFA0E0030871E /* LaunchScreen.storyboard in Resources */,
				E11AAAB42071D28000061A6E /* successed.png in Resources */,
				E17372FF206DD73E005425AC /* AutoAtlas-5.png in Resources */,
				E1CBB13B206CFA0E0030871E /* Assets.xcassets in Resources */,
				E17372FA206DD73E005425AC /* jiantou.png in Resources */,
				E17372FC206DD73E005425AC /* line.png in Resources */,
				395C517620709F5800F0BA30 /* play.png in Resources */,
				E17372F6206DD73E005425AC /* plus_selected.png in Resources */,
				E17372BC206DD6C1005425AC /* card.mp3 in Resources */,
				E11AAAB02071D06900061A6E /* lockIcon.png in Resources */,
				E17372FB206DD73E005425AC /* yellowpint.png in Resources */,
				E17372ED206DD73E005425AC /* reset.png in Resources */,
				E17372E5206DD73E005425AC /* plus.png in Resources */,
				E17372F9206DD73E005425AC /* next.png in Resources */,
				E17372BB206DD6C1005425AC /* background-music.m4a in Resources */,
				E17372F2206DD73E005425AC /* delete_open.png in Resources */,
				E17372F8206DD73E005425AC /* delete.png in Resources */,
				E17372B8206DD6C1005425AC /* background-music.mp3 in Resources */,
				E17372E8206DD73E005425AC /* minus_selected.png in Resources */,
				E1737302206DD73E005425AC /* AutoAtlas-3.png in Resources */,
				E17372FE206DD73E005425AC /* AutoAtlas-4.png in Resources */,
				E1737314206E17F2005425AC /* sourceData.plist in Resources */,
				E11AAAAD2071CC2200061A6E /* stageMode.png in Resources */,
				E1737301206DD73E005425AC /* AutoAtlas-2.png in Resources */,
				E1737304206DD73E005425AC /* lighton.png in Resources */,
				E17372E9206DD73E005425AC /* 4399.png in Resources */,
				E17372B7206DD6C1005425AC /* combine.mp3 in Resources */,
				E11AAABC2071D38F00061A6E /* finished.png in Resources */,
				E17372BA206DD6C1005425AC /* reset.mp3 in Resources */,
				E1737303206DD73E005425AC /* bg.png in Resources */,
				E17372B9206DD6C1005425AC /* success.mp3 in Resources */,
				395C51782070A03A00F0BA30 /* back.png in Resources */,
				E11AAABB2071D38F00061A6E /* leftTopIcon.png in Resources */,
				E11AAAAB2071CBF500061A6E /* speedMode.png in Resources */,
				E1737306206DD73E005425AC /* close.png in Resources */,
				E17372EA206DD73E005425AC /* divide.png in Resources */,
				E11AAAB12071D06900061A6E /* unlockIcon.png in Resources */,
				E17372EC206DD73E005425AC /* home.png in Resources */,
				E17372E6206DD73E005425AC /* delete_disabled.png in Resources */,
				E17372F5206DD73E005425AC /* normal.png in Resources */,
				E17372F7206DD73E005425AC /* waiting.png in Resources */,
				E17372EE206DD73E005425AC /* levelSprites.png in Resources */,
				395C5174207098CC00F0BA30 /* speed_home.png in Resources */,
				E17372FD206DD73E005425AC /* lightdown.png in Resources */,
				E1CBB139206CFA0E0030871E /* Main.storyboard in Resources */,
				E17372F1206DD73E005425AC /* minus.png in Resources */,
				E1737300206DD73E005425AC /* AutoAtlas-1.png in Resources */,
				E17372E7206DD73E005425AC /* title.png in Resources */,
			);
			runOnlyForDeploymentPostprocessing = 0;
		};
		E1CBB144206CFA0E0030871E /* Resources */ = {
			isa = PBXResourcesBuildPhase;
			buildActionMask = 2147483647;
			files = (
			);
			runOnlyForDeploymentPostprocessing = 0;
		};
		E1CBB14F206CFA0E0030871E /* Resources */ = {
			isa = PBXResourcesBuildPhase;
			buildActionMask = 2147483647;
			files = (
			);
			runOnlyForDeploymentPostprocessing = 0;
		};
/* End PBXResourcesBuildPhase section */

/* Begin PBXShellScriptBuildPhase section */
		A49DA04E28B5BC6B0D5ACC52 /* [CP] Embed Pods Frameworks */ = {
			isa = PBXShellScriptBuildPhase;
			buildActionMask = 2147483647;
			files = (
			);
			inputPaths = (
			);
			name = "[CP] Embed Pods Frameworks";
			outputPaths = (
			);
			runOnlyForDeploymentPostprocessing = 0;
			shellPath = /bin/sh;
			shellScript = "\"${SRCROOT}/Pods/Target Support Files/Pods-C35/Pods-C35-frameworks.sh\"\n";
			showEnvVarsInLog = 0;
		};
		C22B3C4781EDC0B58C730F42 /* [CP] Copy Pods Resources */ = {
			isa = PBXShellScriptBuildPhase;
			buildActionMask = 2147483647;
			files = (
			);
			inputPaths = (
				"${SRCROOT}/Pods/Target Support Files/Pods-C35/Pods-C35-resources.sh",
				"${PODS_ROOT}/AVOSCloud/AVOS/AVOSCloud/AVOSCloud_Art.inc",
			);
			name = "[CP] Copy Pods Resources";
			outputPaths = (
				"${TARGET_BUILD_DIR}/${UNLOCALIZED_RESOURCES_FOLDER_PATH}",
			);
			runOnlyForDeploymentPostprocessing = 0;
			shellPath = /bin/sh;
			shellScript = "\"${SRCROOT}/Pods/Target Support Files/Pods-C35/Pods-C35-resources.sh\"\n";
			showEnvVarsInLog = 0;
		};
		CF9AE187EA489840FC4A77CA /* [CP] Check Pods Manifest.lock */ = {
			isa = PBXShellScriptBuildPhase;
			buildActionMask = 2147483647;
			files = (
			);
			inputPaths = (
				"${PODS_PODFILE_DIR_PATH}/Podfile.lock",
				"${PODS_ROOT}/Manifest.lock",
			);
			name = "[CP] Check Pods Manifest.lock";
			outputPaths = (
				"$(DERIVED_FILE_DIR)/Pods-C35-checkManifestLockResult.txt",
			);
			runOnlyForDeploymentPostprocessing = 0;
			shellPath = /bin/sh;
			shellScript = "diff \"${PODS_PODFILE_DIR_PATH}/Podfile.lock\" \"${PODS_ROOT}/Manifest.lock\" > /dev/null\nif [ $? != 0 ] ; then\n    # print error to STDERR\n    echo \"error: The sandbox is not in sync with the Podfile.lock. Run 'pod install' or update your CocoaPods installation.\" >&2\n    exit 1\nfi\n# This output is used by Xcode 'outputs' to avoid re-running this script phase.\necho \"SUCCESS\" > \"${SCRIPT_OUTPUT_FILE_0}\"\n";
			showEnvVarsInLog = 0;
		};
/* End PBXShellScriptBuildPhase section */

/* Begin PBXSourcesBuildPhase section */
		E1CBB12A206CFA0E0030871E /* Sources */ = {
			isa = PBXSourcesBuildPhase;
			buildActionMask = 2147483647;
			files = (
				E1CBB165206CFBBB0030871E /* GameListViewController.m in Sources */,
				E1737312206E1642005425AC /* QLHudView.m in Sources */,
				E1CBB136206CFA0E0030871E /* ViewController.m in Sources */,
				E173730C206DE0EB005425AC /* MyButton.m in Sources */,
				E101B4AC2074B44E00E5F758 /* LGReachability.m in Sources */,
				E1E79905207364A800A8330D /* LGWebViewController.m in Sources */,
				E1CBB168206CFF4D0030871E /* SpeedListViewController.m in Sources */,
				E1737311206E1642005425AC /* DMAlertView.m in Sources */,
				E1CBB141206CFA0E0030871E /* main.m in Sources */,
				E1CBB133206CFA0E0030871E /* AppDelegate.m in Sources */,
				E101B4AB2074B44E00E5F758 /* NetStatusManager.m in Sources */,
				395C51722070986200F0BA30 /* SpeedHomeViewController.m in Sources */,
				E11AAAB82071D31100061A6E /* SuccessedViewController.m in Sources */,
				E1737317206E41CC005425AC /* UIView+frame.m in Sources */,
				E1737309206DD84A005425AC /* GamingViewController.m in Sources */,
			);
			runOnlyForDeploymentPostprocessing = 0;
		};
		E1CBB142206CFA0E0030871E /* Sources */ = {
			isa = PBXSourcesBuildPhase;
			buildActionMask = 2147483647;
			files = (
				E1CBB14B206CFA0E0030871E /* C35Tests.m in Sources */,
			);
			runOnlyForDeploymentPostprocessing = 0;
		};
		E1CBB14D206CFA0E0030871E /* Sources */ = {
			isa = PBXSourcesBuildPhase;
			buildActionMask = 2147483647;
			files = (
				E1CBB156206CFA0E0030871E /* C35UITests.m in Sources */,
			);
			runOnlyForDeploymentPostprocessing = 0;
		};
/* End PBXSourcesBuildPhase section */

/* Begin PBXTargetDependency section */
		E1CBB148206CFA0E0030871E /* PBXTargetDependency */ = {
			isa = PBXTargetDependency;
			target = E1CBB12D206CFA0E0030871E /* C35 */;
			targetProxy = E1CBB147206CFA0E0030871E /* PBXContainerItemProxy */;
		};
		E1CBB153206CFA0E0030871E /* PBXTargetDependency */ = {
			isa = PBXTargetDependency;
			target = E1CBB12D206CFA0E0030871E /* C35 */;
			targetProxy = E1CBB152206CFA0E0030871E /* PBXContainerItemProxy */;
		};
/* End PBXTargetDependency section */

/* Begin PBXVariantGroup section */
		E1CBB137206CFA0E0030871E /* Main.storyboard */ = {
			isa = PBXVariantGroup;
			children = (
				E1CBB138206CFA0E0030871E /* Base */,
			);
			name = Main.storyboard;
			sourceTree = "<group>";
		};
		E1CBB13C206CFA0E0030871E /* LaunchScreen.storyboard */ = {
			isa = PBXVariantGroup;
			children = (
				E1CBB13D206CFA0E0030871E /* Base */,
			);
			name = LaunchScreen.storyboard;
			sourceTree = "<group>";
		};
/* End PBXVariantGroup section */

/* Begin XCBuildConfiguration section */
		E1CBB158206CFA0E0030871E /* Debug */ = {
			isa = XCBuildConfiguration;
			buildSettings = {
				ALWAYS_SEARCH_USER_PATHS = NO;
				CLANG_ANALYZER_NONNULL = YES;
				CLANG_ANALYZER_NUMBER_OBJECT_CONVERSION = YES_AGGRESSIVE;
				CLANG_CXX_LANGUAGE_STANDARD = "gnu++14";
				CLANG_CXX_LIBRARY = "libc++";
				CLANG_ENABLE_MODULES = YES;
				CLANG_ENABLE_OBJC_ARC = YES;
				CLANG_WARN_BLOCK_CAPTURE_AUTORELEASING = YES;
				CLANG_WARN_BOOL_CONVERSION = YES;
				CLANG_WARN_COMMA = YES;
				CLANG_WARN_CONSTANT_CONVERSION = YES;
				CLANG_WARN_DIRECT_OBJC_ISA_USAGE = YES_ERROR;
				CLANG_WARN_DOCUMENTATION_COMMENTS = YES;
				CLANG_WARN_EMPTY_BODY = YES;
				CLANG_WARN_ENUM_CONVERSION = YES;
				CLANG_WARN_INFINITE_RECURSION = YES;
				CLANG_WARN_INT_CONVERSION = YES;
				CLANG_WARN_NON_LITERAL_NULL_CONVERSION = YES;
				CLANG_WARN_OBJC_LITERAL_CONVERSION = YES;
				CLANG_WARN_OBJC_ROOT_CLASS = YES_ERROR;
				CLANG_WARN_RANGE_LOOP_ANALYSIS = YES;
				CLANG_WARN_STRICT_PROTOTYPES = YES;
				CLANG_WARN_SUSPICIOUS_MOVE = YES;
				CLANG_WARN_UNGUARDED_AVAILABILITY = YES_AGGRESSIVE;
				CLANG_WARN_UNREACHABLE_CODE = YES;
				CLANG_WARN__DUPLICATE_METHOD_MATCH = YES;
				CODE_SIGN_IDENTITY = "iPhone Developer";
				COPY_PHASE_STRIP = NO;
				DEBUG_INFORMATION_FORMAT = dwarf;
				ENABLE_STRICT_OBJC_MSGSEND = YES;
				ENABLE_TESTABILITY = YES;
				GCC_C_LANGUAGE_STANDARD = gnu11;
				GCC_DYNAMIC_NO_PIC = NO;
				GCC_NO_COMMON_BLOCKS = YES;
				GCC_OPTIMIZATION_LEVEL = 0;
				GCC_PREPROCESSOR_DEFINITIONS = (
					"DEBUG=1",
					"$(inherited)",
				);
				GCC_WARN_64_TO_32_BIT_CONVERSION = YES;
				GCC_WARN_ABOUT_RETURN_TYPE = YES_ERROR;
				GCC_WARN_UNDECLARED_SELECTOR = YES;
				GCC_WARN_UNINITIALIZED_AUTOS = YES_AGGRESSIVE;
				GCC_WARN_UNUSED_FUNCTION = YES;
				GCC_WARN_UNUSED_VARIABLE = YES;
				IPHONEOS_DEPLOYMENT_TARGET = 11.1;
				MTL_ENABLE_DEBUG_INFO = YES;
				ONLY_ACTIVE_ARCH = YES;
				SDKROOT = iphoneos;
			};
			name = Debug;
		};
		E1CBB159206CFA0E0030871E /* Release */ = {
			isa = XCBuildConfiguration;
			buildSettings = {
				ALWAYS_SEARCH_USER_PATHS = NO;
				CLANG_ANALYZER_NONNULL = YES;
				CLANG_ANALYZER_NUMBER_OBJECT_CONVERSION = YES_AGGRESSIVE;
				CLANG_CXX_LANGUAGE_STANDARD = "gnu++14";
				CLANG_CXX_LIBRARY = "libc++";
				CLANG_ENABLE_MODULES = YES;
				CLANG_ENABLE_OBJC_ARC = YES;
				CLANG_WARN_BLOCK_CAPTURE_AUTORELEASING = YES;
				CLANG_WARN_BOOL_CONVERSION = YES;
				CLANG_WARN_COMMA = YES;
				CLANG_WARN_CONSTANT_CONVERSION = YES;
				CLANG_WARN_DIRECT_OBJC_ISA_USAGE = YES_ERROR;
				CLANG_WARN_DOCUMENTATION_COMMENTS = YES;
				CLANG_WARN_EMPTY_BODY = YES;
				CLANG_WARN_ENUM_CONVERSION = YES;
				CLANG_WARN_INFINITE_RECURSION = YES;
				CLANG_WARN_INT_CONVERSION = YES;
				CLANG_WARN_NON_LITERAL_NULL_CONVERSION = YES;
				CLANG_WARN_OBJC_LITERAL_CONVERSION = YES;
				CLANG_WARN_OBJC_ROOT_CLASS = YES_ERROR;
				CLANG_WARN_RANGE_LOOP_ANALYSIS = YES;
				CLANG_WARN_STRICT_PROTOTYPES = YES;
				CLANG_WARN_SUSPICIOUS_MOVE = YES;
				CLANG_WARN_UNGUARDED_AVAILABILITY = YES_AGGRESSIVE;
				CLANG_WARN_UNREACHABLE_CODE = YES;
				CLANG_WARN__DUPLICATE_METHOD_MATCH = YES;
				CODE_SIGN_IDENTITY = "iPhone Developer";
				COPY_PHASE_STRIP = NO;
				DEBUG_INFORMATION_FORMAT = "dwarf-with-dsym";
				ENABLE_NS_ASSERTIONS = NO;
				ENABLE_STRICT_OBJC_MSGSEND = YES;
				GCC_C_LANGUAGE_STANDARD = gnu11;
				GCC_NO_COMMON_BLOCKS = YES;
				GCC_WARN_64_TO_32_BIT_CONVERSION = YES;
				GCC_WARN_ABOUT_RETURN_TYPE = YES_ERROR;
				GCC_WARN_UNDECLARED_SELECTOR = YES;
				GCC_WARN_UNINITIALIZED_AUTOS = YES_AGGRESSIVE;
				GCC_WARN_UNUSED_FUNCTION = YES;
				GCC_WARN_UNUSED_VARIABLE = YES;
				IPHONEOS_DEPLOYMENT_TARGET = 11.1;
				MTL_ENABLE_DEBUG_INFO = NO;
				SDKROOT = iphoneos;
				VALIDATE_PRODUCT = YES;
			};
			name = Release;
		};
		E1CBB15B206CFA0E0030871E /* Debug */ = {
			isa = XCBuildConfiguration;
			baseConfigurationReference = E0A680A8CD5132AE6C7A415F /* Pods-C35.debug.xcconfig */;
			buildSettings = {
				ASSETCATALOG_COMPILER_APPICON_NAME = AppIcon;
				CODE_SIGN_ENTITLEMENTS = C35/C35.entitlements;
				CODE_SIGN_IDENTITY = "iPhone Developer";
				"CODE_SIGN_IDENTITY[sdk=iphoneos*]" = "iPhone Developer";
				CODE_SIGN_STYLE = Automatic;
				DEVELOPMENT_TEAM = P86Q59P84R;
				GCC_PREFIX_HEADER = /Users/timemachine/WorkSpace/C35/C35/C35PrefixHeader.pch;
				INFOPLIST_FILE = C35/Info.plist;
				IPHONEOS_DEPLOYMENT_TARGET = 10.0;
				LD_RUNPATH_SEARCH_PATHS = "$(inherited) @executable_path/Frameworks";
				PRODUCT_BUNDLE_IDENTIFIER = xueqiulou.C35;
				PRODUCT_NAME = "$(TARGET_NAME)";
				PROVISIONING_PROFILE = "";
				PROVISIONING_PROFILE_SPECIFIER = "";
				TARGETED_DEVICE_FAMILY = "1,2";
			};
			name = Debug;
		};
		E1CBB15C206CFA0E0030871E /* Release */ = {
			isa = XCBuildConfiguration;
			baseConfigurationReference = 606C282BCA60A03326A7C822 /* Pods-C35.release.xcconfig */;
			buildSettings = {
				ASSETCATALOG_COMPILER_APPICON_NAME = AppIcon;
				CODE_SIGN_ENTITLEMENTS = C35/C35.entitlements;
				CODE_SIGN_IDENTITY = "iPhone Developer";
				"CODE_SIGN_IDENTITY[sdk=iphoneos*]" = "iPhone Developer: Anthony Michael (8FZ4MK255X)";
				CODE_SIGN_STYLE = Automatic;
				DEVELOPMENT_TEAM = P86Q59P84R;
				GCC_PREFIX_HEADER = /Users/timemachine/WorkSpace/C35/C35/C35PrefixHeader.pch;
				INFOPLIST_FILE = C35/Info.plist;
				IPHONEOS_DEPLOYMENT_TARGET = 10.0;
				LD_RUNPATH_SEARCH_PATHS = "$(inherited) @executable_path/Frameworks";
				PRODUCT_BUNDLE_IDENTIFIER = xueqiulou.C35;
				PRODUCT_NAME = "$(TARGET_NAME)";
				PROVISIONING_PROFILE = "";
				PROVISIONING_PROFILE_SPECIFIER = "";
				TARGETED_DEVICE_FAMILY = "1,2";
			};
			name = Release;
		};
		E1CBB15E206CFA0E0030871E /* Debug */ = {
			isa = XCBuildConfiguration;
			buildSettings = {
				BUNDLE_LOADER = "$(TEST_HOST)";
				CODE_SIGN_STYLE = Automatic;
				INFOPLIST_FILE = C35Tests/Info.plist;
				LD_RUNPATH_SEARCH_PATHS = "$(inherited) @executable_path/Frameworks @loader_path/Frameworks";
				PRODUCT_BUNDLE_IDENTIFIER = lingguikeji.C35Tests;
				PRODUCT_NAME = "$(TARGET_NAME)";
				TARGETED_DEVICE_FAMILY = "1,2";
				TEST_HOST = "$(BUILT_PRODUCTS_DIR)/C35.app/C35";
			};
			name = Debug;
		};
		E1CBB15F206CFA0E0030871E /* Release */ = {
			isa = XCBuildConfiguration;
			buildSettings = {
				BUNDLE_LOADER = "$(TEST_HOST)";
				CODE_SIGN_STYLE = Automatic;
				INFOPLIST_FILE = C35Tests/Info.plist;
				LD_RUNPATH_SEARCH_PATHS = "$(inherited) @executable_path/Frameworks @loader_path/Frameworks";
				PRODUCT_BUNDLE_IDENTIFIER = lingguikeji.C35Tests;
				PRODUCT_NAME = "$(TARGET_NAME)";
				TARGETED_DEVICE_FAMILY = "1,2";
				TEST_HOST = "$(BUILT_PRODUCTS_DIR)/C35.app/C35";
			};
			name = Release;
		};
		E1CBB161206CFA0E0030871E /* Debug */ = {
			isa = XCBuildConfiguration;
			buildSettings = {
				CODE_SIGN_STYLE = Automatic;
				INFOPLIST_FILE = C35UITests/Info.plist;
				LD_RUNPATH_SEARCH_PATHS = "$(inherited) @executable_path/Frameworks @loader_path/Frameworks";
				PRODUCT_BUNDLE_IDENTIFIER = lingguikeji.C35UITests;
				PRODUCT_NAME = "$(TARGET_NAME)";
				TARGETED_DEVICE_FAMILY = "1,2";
				TEST_TARGET_NAME = C35;
			};
			name = Debug;
		};
		E1CBB162206CFA0E0030871E /* Release */ = {
			isa = XCBuildConfiguration;
			buildSettings = {
				CODE_SIGN_STYLE = Automatic;
				INFOPLIST_FILE = C35UITests/Info.plist;
				LD_RUNPATH_SEARCH_PATHS = "$(inherited) @executable_path/Frameworks @loader_path/Frameworks";
				PRODUCT_BUNDLE_IDENTIFIER = lingguikeji.C35UITests;
				PRODUCT_NAME = "$(TARGET_NAME)";
				TARGETED_DEVICE_FAMILY = "1,2";
				TEST_TARGET_NAME = C35;
			};
			name = Release;
		};
/* End XCBuildConfiguration section */

/* Begin XCConfigurationList section */
		E1CBB129206CFA0E0030871E /* Build configuration list for PBXProject "C35" */ = {
			isa = XCConfigurationList;
			buildConfigurations = (
				E1CBB158206CFA0E0030871E /* Debug */,
				E1CBB159206CFA0E0030871E /* Release */,
			);
			defaultConfigurationIsVisible = 0;
			defaultConfigurationName = Release;
		};
		E1CBB15A206CFA0E0030871E /* Build configuration list for PBXNativeTarget "C35" */ = {
			isa = XCConfigurationList;
			buildConfigurations = (
				E1CBB15B206CFA0E0030871E /* Debug */,
				E1CBB15C206CFA0E0030871E /* Release */,
			);
			defaultConfigurationIsVisible = 0;
			defaultConfigurationName = Release;
		};
		E1CBB15D206CFA0E0030871E /* Build configuration list for PBXNativeTarget "C35Tests" */ = {
			isa = XCConfigurationList;
			buildConfigurations = (
				E1CBB15E206CFA0E0030871E /* Debug */,
				E1CBB15F206CFA0E0030871E /* Release */,
			);
			defaultConfigurationIsVisible = 0;
			defaultConfigurationName = Release;
		};
		E1CBB160206CFA0E0030871E /* Build configuration list for PBXNativeTarget "C35UITests" */ = {
			isa = XCConfigurationList;
			buildConfigurations = (
				E1CBB161206CFA0E0030871E /* Debug */,
				E1CBB162206CFA0E0030871E /* Release */,
			);
			defaultConfigurationIsVisible = 0;
			defaultConfigurationName = Release;
		};
/* End XCConfigurationList section */
	};
	rootObject = E1CBB126206CFA0E0030871E /* Project object */;
}
